// !$*UTF8*$!
{
	archiveVersion = 1;
	classes = {
	};
	objectVersion = 48;
	objects = {

/* Begin PBXBuildFile section */
		942EC6E9212A5CF00022FBFA /* MoreViewController.swift in Sources */ = {isa = PBXBuildFile; fileRef = 942EC6E8212A5CF00022FBFA /* MoreViewController.swift */; };
		942EC6EB212A5F6F0022FBFA /* MoreCollectionCell.swift in Sources */ = {isa = PBXBuildFile; fileRef = 942EC6EA212A5F6F0022FBFA /* MoreCollectionCell.swift */; };
		94308A5821292C94008B042B /* EnumURLType.swift in Sources */ = {isa = PBXBuildFile; fileRef = 94308A5721292C94008B042B /* EnumURLType.swift */; };
		94308A5B2129367B008B042B /* Movie.swift in Sources */ = {isa = PBXBuildFile; fileRef = 94308A5A2129367B008B042B /* Movie.swift */; };
		94308A5F2129558E008B042B /* HomeViewController.swift in Sources */ = {isa = PBXBuildFile; fileRef = 94308A5E2129558E008B042B /* HomeViewController.swift */; };
		94308A622129630E008B042B /* TopCustomCollectionCell.swift in Sources */ = {isa = PBXBuildFile; fileRef = 94308A612129630E008B042B /* TopCustomCollectionCell.swift */; };
		94308A6421297F02008B042B /* CustomTableViewCell.swift in Sources */ = {isa = PBXBuildFile; fileRef = 94308A6321297F02008B042B /* CustomTableViewCell.swift */; };
		943B63C621282529009B04EF /* Alamofire.framework in Frameworks */ = {isa = PBXBuildFile; fileRef = 943B63C321282529009B04EF /* Alamofire.framework */; };
		943B63C721282529009B04EF /* Alamofire.framework in Embed Frameworks */ = {isa = PBXBuildFile; fileRef = 943B63C321282529009B04EF /* Alamofire.framework */; settings = {ATTRIBUTES = (CodeSignOnCopy, RemoveHeadersOnCopy, ); }; };
		943B63C821282529009B04EF /* SwiftyJSON.framework in Frameworks */ = {isa = PBXBuildFile; fileRef = 943B63C421282529009B04EF /* SwiftyJSON.framework */; };
		943B63C921282529009B04EF /* SwiftyJSON.framework in Embed Frameworks */ = {isa = PBXBuildFile; fileRef = 943B63C421282529009B04EF /* SwiftyJSON.framework */; settings = {ATTRIBUTES = (CodeSignOnCopy, RemoveHeadersOnCopy, ); }; };
		943B63CA21282529009B04EF /* Kingfisher.framework in Frameworks */ = {isa = PBXBuildFile; fileRef = 943B63C521282529009B04EF /* Kingfisher.framework */; };
		943B63CB21282529009B04EF /* Kingfisher.framework in Embed Frameworks */ = {isa = PBXBuildFile; fileRef = 943B63C521282529009B04EF /* Kingfisher.framework */; settings = {ATTRIBUTES = (CodeSignOnCopy, RemoveHeadersOnCopy, ); }; };
		94FC93802128133700A31CD8 /* AppDelegate.swift in Sources */ = {isa = PBXBuildFile; fileRef = 94FC937F2128133700A31CD8 /* AppDelegate.swift */; };
		94FC93822128133700A31CD8 /* DetailViewController.swift in Sources */ = {isa = PBXBuildFile; fileRef = 94FC93812128133700A31CD8 /* DetailViewController.swift */; };
		94FC93852128133700A31CD8 /* Main.storyboard in Resources */ = {isa = PBXBuildFile; fileRef = 94FC93832128133700A31CD8 /* Main.storyboard */; };
		94FC93882128133700A31CD8 /* TMDBMoviesApp.xcdatamodeld in Sources */ = {isa = PBXBuildFile; fileRef = 94FC93862128133700A31CD8 /* TMDBMoviesApp.xcdatamodeld */; };
		94FC938A2128133700A31CD8 /* Assets.xcassets in Resources */ = {isa = PBXBuildFile; fileRef = 94FC93892128133700A31CD8 /* Assets.xcassets */; };
		94FC938D2128133700A31CD8 /* LaunchScreen.storyboard in Resources */ = {isa = PBXBuildFile; fileRef = 94FC938B2128133700A31CD8 /* LaunchScreen.storyboard */; };
		94FC93982128133700A31CD8 /* TMDBMoviesAppTests.swift in Sources */ = {isa = PBXBuildFile; fileRef = 94FC93972128133700A31CD8 /* TMDBMoviesAppTests.swift */; };
		94FC93A4212816A800A31CD8 /* DataManager.swift in Sources */ = {isa = PBXBuildFile; fileRef = 94FC93A3212816A800A31CD8 /* DataManager.swift */; };
		94FC93A6212816B900A31CD8 /* NetworkManager.swift in Sources */ = {isa = PBXBuildFile; fileRef = 94FC93A5212816B900A31CD8 /* NetworkManager.swift */; };
		94FC93A8212816C700A31CD8 /* ParsingManager.swift in Sources */ = {isa = PBXBuildFile; fileRef = 94FC93A7212816C700A31CD8 /* ParsingManager.swift */; };
		94FC93AA212816DE00A31CD8 /* UrlManager.swift in Sources */ = {isa = PBXBuildFile; fileRef = 94FC93A9212816DE00A31CD8 /* UrlManager.swift */; };
/* End PBXBuildFile section */

/* Begin PBXContainerItemProxy section */
		94FC93942128133700A31CD8 /* PBXContainerItemProxy */ = {
			isa = PBXContainerItemProxy;
			containerPortal = 94FC93742128133700A31CD8 /* Project object */;
			proxyType = 1;
			remoteGlobalIDString = 94FC937B2128133700A31CD8;
			remoteInfo = TMDBMoviesApp;
		};
/* End PBXContainerItemProxy section */

/* Begin PBXCopyFilesBuildPhase section */
		943B63CC21282529009B04EF /* Embed Frameworks */ = {
			isa = PBXCopyFilesBuildPhase;
			buildActionMask = 2147483647;
			dstPath = "";
			dstSubfolderSpec = 10;
			files = (
				943B63C921282529009B04EF /* SwiftyJSON.framework in Embed Frameworks */,
				943B63CB21282529009B04EF /* Kingfisher.framework in Embed Frameworks */,
				943B63C721282529009B04EF /* Alamofire.framework in Embed Frameworks */,
			);
			name = "Embed Frameworks";
			runOnlyForDeploymentPostprocessing = 0;
		};
/* End PBXCopyFilesBuildPhase section */

/* Begin PBXFileReference section */
		942EC6E8212A5CF00022FBFA /* MoreViewController.swift */ = {isa = PBXFileReference; lastKnownFileType = sourcecode.swift; path = MoreViewController.swift; sourceTree = "<group>"; };
		942EC6EA212A5F6F0022FBFA /* MoreCollectionCell.swift */ = {isa = PBXFileReference; lastKnownFileType = sourcecode.swift; path = MoreCollectionCell.swift; sourceTree = "<group>"; };
		94308A5721292C94008B042B /* EnumURLType.swift */ = {isa = PBXFileReference; lastKnownFileType = sourcecode.swift; path = EnumURLType.swift; sourceTree = "<group>"; };
		94308A5A2129367B008B042B /* Movie.swift */ = {isa = PBXFileReference; lastKnownFileType = sourcecode.swift; path = Movie.swift; sourceTree = "<group>"; };
		94308A5E2129558E008B042B /* HomeViewController.swift */ = {isa = PBXFileReference; lastKnownFileType = sourcecode.swift; path = HomeViewController.swift; sourceTree = "<group>"; };
		94308A612129630E008B042B /* TopCustomCollectionCell.swift */ = {isa = PBXFileReference; lastKnownFileType = sourcecode.swift; path = TopCustomCollectionCell.swift; sourceTree = "<group>"; };
		94308A6321297F02008B042B /* CustomTableViewCell.swift */ = {isa = PBXFileReference; lastKnownFileType = sourcecode.swift; path = CustomTableViewCell.swift; sourceTree = "<group>"; };
		943B63C321282529009B04EF /* Alamofire.framework */ = {isa = PBXFileReference; lastKnownFileType = wrapper.framework; name = Alamofire.framework; path = Carthage/Build/iOS/Alamofire.framework; sourceTree = "<group>"; };
		943B63C421282529009B04EF /* SwiftyJSON.framework */ = {isa = PBXFileReference; lastKnownFileType = wrapper.framework; name = SwiftyJSON.framework; path = Carthage/Build/iOS/SwiftyJSON.framework; sourceTree = "<group>"; };
		943B63C521282529009B04EF /* Kingfisher.framework */ = {isa = PBXFileReference; lastKnownFileType = wrapper.framework; name = Kingfisher.framework; path = Carthage/Build/iOS/Kingfisher.framework; sourceTree = "<group>"; };
		94FC937C2128133700A31CD8 /* TMDBMoviesApp.app */ = {isa = PBXFileReference; explicitFileType = wrapper.application; includeInIndex = 0; path = TMDBMoviesApp.app; sourceTree = BUILT_PRODUCTS_DIR; };
		94FC937F2128133700A31CD8 /* AppDelegate.swift */ = {isa = PBXFileReference; lastKnownFileType = sourcecode.swift; path = AppDelegate.swift; sourceTree = "<group>"; };
		94FC93812128133700A31CD8 /* DetailViewController.swift */ = {isa = PBXFileReference; lastKnownFileType = sourcecode.swift; path = DetailViewController.swift; sourceTree = "<group>"; };
		94FC93842128133700A31CD8 /* Base */ = {isa = PBXFileReference; lastKnownFileType = file.storyboard; name = Base; path = Base.lproj/Main.storyboard; sourceTree = "<group>"; };
		94FC93872128133700A31CD8 /* TMDBMoviesApp.xcdatamodel */ = {isa = PBXFileReference; lastKnownFileType = wrapper.xcdatamodel; path = TMDBMoviesApp.xcdatamodel; sourceTree = "<group>"; };
		94FC93892128133700A31CD8 /* Assets.xcassets */ = {isa = PBXFileReference; lastKnownFileType = folder.assetcatalog; path = Assets.xcassets; sourceTree = "<group>"; };
		94FC938C2128133700A31CD8 /* Base */ = {isa = PBXFileReference; lastKnownFileType = file.storyboard; name = Base; path = Base.lproj/LaunchScreen.storyboard; sourceTree = "<group>"; };
		94FC938E2128133700A31CD8 /* Info.plist */ = {isa = PBXFileReference; lastKnownFileType = text.plist.xml; path = Info.plist; sourceTree = "<group>"; };
		94FC93932128133700A31CD8 /* TMDBMoviesAppTests.xctest */ = {isa = PBXFileReference; explicitFileType = wrapper.cfbundle; includeInIndex = 0; path = TMDBMoviesAppTests.xctest; sourceTree = BUILT_PRODUCTS_DIR; };
		94FC93972128133700A31CD8 /* TMDBMoviesAppTests.swift */ = {isa = PBXFileReference; lastKnownFileType = sourcecode.swift; path = TMDBMoviesAppTests.swift; sourceTree = "<group>"; };
		94FC93992128133700A31CD8 /* Info.plist */ = {isa = PBXFileReference; lastKnownFileType = text.plist.xml; path = Info.plist; sourceTree = "<group>"; };
		94FC93A3212816A800A31CD8 /* DataManager.swift */ = {isa = PBXFileReference; lastKnownFileType = sourcecode.swift; path = DataManager.swift; sourceTree = "<group>"; };
		94FC93A5212816B900A31CD8 /* NetworkManager.swift */ = {isa = PBXFileReference; lastKnownFileType = sourcecode.swift; path = NetworkManager.swift; sourceTree = "<group>"; };
		94FC93A7212816C700A31CD8 /* ParsingManager.swift */ = {isa = PBXFileReference; lastKnownFileType = sourcecode.swift; path = ParsingManager.swift; sourceTree = "<group>"; };
		94FC93A9212816DE00A31CD8 /* UrlManager.swift */ = {isa = PBXFileReference; lastKnownFileType = sourcecode.swift; path = UrlManager.swift; sourceTree = "<group>"; };
/* End PBXFileReference section */

/* Begin PBXFrameworksBuildPhase section */
		94FC93792128133700A31CD8 /* Frameworks */ = {
			isa = PBXFrameworksBuildPhase;
			buildActionMask = 2147483647;
			files = (
				943B63C821282529009B04EF /* SwiftyJSON.framework in Frameworks */,
				943B63CA21282529009B04EF /* Kingfisher.framework in Frameworks */,
				943B63C621282529009B04EF /* Alamofire.framework in Frameworks */,
			);
			runOnlyForDeploymentPostprocessing = 0;
		};
		94FC93902128133700A31CD8 /* Frameworks */ = {
			isa = PBXFrameworksBuildPhase;
			buildActionMask = 2147483647;
			files = (
			);
			runOnlyForDeploymentPostprocessing = 0;
		};
/* End PBXFrameworksBuildPhase section */

/* Begin PBXGroup section */
		94308A592129366D008B042B /* Model */ = {
			isa = PBXGroup;
			children = (
				94308A5A2129367B008B042B /* Movie.swift */,
			);
			path = Model;
			sourceTree = "<group>";
		};
		94308A5C212944C6008B042B /* DataType */ = {
			isa = PBXGroup;
			children = (
				94308A5721292C94008B042B /* EnumURLType.swift */,
			);
			path = DataType;
			sourceTree = "<group>";
		};
		94308A5D21295572008B042B /* ViewControllers */ = {
			isa = PBXGroup;
			children = (
				94308A5E2129558E008B042B /* HomeViewController.swift */,
				94FC93812128133700A31CD8 /* DetailViewController.swift */,
				942EC6E8212A5CF00022FBFA /* MoreViewController.swift */,
			);
			path = ViewControllers;
			sourceTree = "<group>";
		};
		94308A60212962F8008B042B /* View */ = {
			isa = PBXGroup;
			children = (
				94308A612129630E008B042B /* TopCustomCollectionCell.swift */,
				94308A6321297F02008B042B /* CustomTableViewCell.swift */,
				942EC6EA212A5F6F0022FBFA /* MoreCollectionCell.swift */,
			);
			path = View;
			sourceTree = "<group>";
		};
		94FC93732128133700A31CD8 = {
			isa = PBXGroup;
			children = (
				943B63C321282529009B04EF /* Alamofire.framework */,
				943B63C521282529009B04EF /* Kingfisher.framework */,
				943B63C421282529009B04EF /* SwiftyJSON.framework */,
				94FC937E2128133700A31CD8 /* TMDBMoviesApp */,
				94FC93962128133700A31CD8 /* TMDBMoviesAppTests */,
				94FC937D2128133700A31CD8 /* Products */,
				94FC93AB21281C1100A31CD8 /* Frameworks */,
			);
			sourceTree = "<group>";
		};
		94FC937D2128133700A31CD8 /* Products */ = {
			isa = PBXGroup;
			children = (
				94FC937C2128133700A31CD8 /* TMDBMoviesApp.app */,
				94FC93932128133700A31CD8 /* TMDBMoviesAppTests.xctest */,
			);
			name = Products;
			sourceTree = "<group>";
		};
		94FC937E2128133700A31CD8 /* TMDBMoviesApp */ = {
			isa = PBXGroup;
			children = (
				94308A60212962F8008B042B /* View */,
				94308A5D21295572008B042B /* ViewControllers */,
				94308A5C212944C6008B042B /* DataType */,
				94308A592129366D008B042B /* Model */,
				94FC93A22128169000A31CD8 /* Managers */,
				94FC937F2128133700A31CD8 /* AppDelegate.swift */,
				94FC93832128133700A31CD8 /* Main.storyboard */,
				94FC93892128133700A31CD8 /* Assets.xcassets */,
				94FC938B2128133700A31CD8 /* LaunchScreen.storyboard */,
				94FC938E2128133700A31CD8 /* Info.plist */,
				94FC93862128133700A31CD8 /* TMDBMoviesApp.xcdatamodeld */,
			);
			path = TMDBMoviesApp;
			sourceTree = "<group>";
		};
		94FC93962128133700A31CD8 /* TMDBMoviesAppTests */ = {
			isa = PBXGroup;
			children = (
				94FC93972128133700A31CD8 /* TMDBMoviesAppTests.swift */,
				94FC93992128133700A31CD8 /* Info.plist */,
			);
			path = TMDBMoviesAppTests;
			sourceTree = "<group>";
		};
		94FC93A22128169000A31CD8 /* Managers */ = {
			isa = PBXGroup;
			children = (
				94FC93A3212816A800A31CD8 /* DataManager.swift */,
				94FC93A5212816B900A31CD8 /* NetworkManager.swift */,
				94FC93A7212816C700A31CD8 /* ParsingManager.swift */,
				94FC93A9212816DE00A31CD8 /* UrlManager.swift */,
			);
			path = Managers;
			sourceTree = "<group>";
		};
		94FC93AB21281C1100A31CD8 /* Frameworks */ = {
			isa = PBXGroup;
			children = (
			);
			name = Frameworks;
			sourceTree = "<group>";
		};
/* End PBXGroup section */

/* Begin PBXNativeTarget section */
		94FC937B2128133700A31CD8 /* TMDBMoviesApp */ = {
			isa = PBXNativeTarget;
			buildConfigurationList = 94FC939C2128133700A31CD8 /* Build configuration list for PBXNativeTarget "TMDBMoviesApp" */;
			buildPhases = (
				94FC93782128133700A31CD8 /* Sources */,
				94FC93792128133700A31CD8 /* Frameworks */,
				94FC937A2128133700A31CD8 /* Resources */,
				943B63CC21282529009B04EF /* Embed Frameworks */,
			);
			buildRules = (
			);
			dependencies = (
			);
			name = TMDBMoviesApp;
			productName = TMDBMoviesApp;
			productReference = 94FC937C2128133700A31CD8 /* TMDBMoviesApp.app */;
			productType = "com.apple.product-type.application";
		};
		94FC93922128133700A31CD8 /* TMDBMoviesAppTests */ = {
			isa = PBXNativeTarget;
			buildConfigurationList = 94FC939F2128133700A31CD8 /* Build configuration list for PBXNativeTarget "TMDBMoviesAppTests" */;
			buildPhases = (
				94FC938F2128133700A31CD8 /* Sources */,
				94FC93902128133700A31CD8 /* Frameworks */,
				94FC93912128133700A31CD8 /* Resources */,
			);
			buildRules = (
			);
			dependencies = (
				94FC93952128133700A31CD8 /* PBXTargetDependency */,
			);
			name = TMDBMoviesAppTests;
			productName = TMDBMoviesAppTests;
			productReference = 94FC93932128133700A31CD8 /* TMDBMoviesAppTests.xctest */;
			productType = "com.apple.product-type.bundle.unit-test";
		};
/* End PBXNativeTarget section */

/* Begin PBXProject section */
		94FC93742128133700A31CD8 /* Project object */ = {
			isa = PBXProject;
			attributes = {
				LastSwiftUpdateCheck = 0920;
				LastUpgradeCheck = 0920;
				ORGANIZATIONNAME = Edureka;
				TargetAttributes = {
					94FC937B2128133700A31CD8 = {
						CreatedOnToolsVersion = 9.2;
						ProvisioningStyle = Automatic;
					};
					94FC93922128133700A31CD8 = {
						CreatedOnToolsVersion = 9.2;
						ProvisioningStyle = Automatic;
						TestTargetID = 94FC937B2128133700A31CD8;
					};
				};
			};
			buildConfigurationList = 94FC93772128133700A31CD8 /* Build configuration list for PBXProject "TMDBMoviesApp" */;
			compatibilityVersion = "Xcode 8.0";
			developmentRegion = en;
			hasScannedForEncodings = 0;
			knownRegions = (
				en,
				Base,
			);
			mainGroup = 94FC93732128133700A31CD8;
			productRefGroup = 94FC937D2128133700A31CD8 /* Products */;
			projectDirPath = "";
			projectRoot = "";
			targets = (
				94FC937B2128133700A31CD8 /* TMDBMoviesApp */,
				94FC93922128133700A31CD8 /* TMDBMoviesAppTests */,
			);
		};
/* End PBXProject section */

/* Begin PBXResourcesBuildPhase section */
		94FC937A2128133700A31CD8 /* Resources */ = {
			isa = PBXResourcesBuildPhase;
			buildActionMask = 2147483647;
			files = (
				94FC938D2128133700A31CD8 /* LaunchScreen.storyboard in Resources */,
				94FC938A2128133700A31CD8 /* Assets.xcassets in Resources */,
				94FC93852128133700A31CD8 /* Main.storyboard in Resources */,
			);
			runOnlyForDeploymentPostprocessing = 0;
		};
		94FC93912128133700A31CD8 /* Resources */ = {
			isa = PBXResourcesBuildPhase;
			buildActionMask = 2147483647;
			files = (
			);
			runOnlyForDeploymentPostprocessing = 0;
		};
/* End PBXResourcesBuildPhase section */

/* Begin PBXSourcesBuildPhase section */
		94FC93782128133700A31CD8 /* Sources */ = {
			isa = PBXSourcesBuildPhase;
			buildActionMask = 2147483647;
			files = (
				94FC93A8212816C700A31CD8 /* ParsingManager.swift in Sources */,
				942EC6E9212A5CF00022FBFA /* MoreViewController.swift in Sources */,
				94FC93822128133700A31CD8 /* DetailViewController.swift in Sources */,
				94308A5B2129367B008B042B /* Movie.swift in Sources */,
				94FC93A4212816A800A31CD8 /* DataManager.swift in Sources */,
				94FC93AA212816DE00A31CD8 /* UrlManager.swift in Sources */,
				94308A5F2129558E008B042B /* HomeViewController.swift in Sources */,
				94308A6421297F02008B042B /* CustomTableViewCell.swift in Sources */,
				942EC6EB212A5F6F0022FBFA /* MoreCollectionCell.swift in Sources */,
				94308A622129630E008B042B /* TopCustomCollectionCell.swift in Sources */,
				94FC93A6212816B900A31CD8 /* NetworkManager.swift in Sources */,
				94FC93882128133700A31CD8 /* TMDBMoviesApp.xcdatamodeld in Sources */,
				94308A5821292C94008B042B /* EnumURLType.swift in Sources */,
				94FC93802128133700A31CD8 /* AppDelegate.swift in Sources */,
			);
			runOnlyForDeploymentPostprocessing = 0;
		};
		94FC938F2128133700A31CD8 /* Sources */ = {
			isa = PBXSourcesBuildPhase;
			buildActionMask = 2147483647;
			files = (
				94FC93982128133700A31CD8 /* TMDBMoviesAppTests.swift in Sources */,
			);
			runOnlyForDeploymentPostprocessing = 0;
		};
/* End PBXSourcesBuildPhase section */

/* Begin PBXTargetDependency section */
		94FC93952128133700A31CD8 /* PBXTargetDependency */ = {
			isa = PBXTargetDependency;
			target = 94FC937B2128133700A31CD8 /* TMDBMoviesApp */;
			targetProxy = 94FC93942128133700A31CD8 /* PBXContainerItemProxy */;
		};
/* End PBXTargetDependency section */

/* Begin PBXVariantGroup section */
		94FC93832128133700A31CD8 /* Main.storyboard */ = {
			isa = PBXVariantGroup;
			children = (
				94FC93842128133700A31CD8 /* Base */,
			);
			name = Main.storyboard;
			sourceTree = "<group>";
		};
		94FC938B2128133700A31CD8 /* LaunchScreen.storyboard */ = {
			isa = PBXVariantGroup;
			children = (
				94FC938C2128133700A31CD8 /* Base */,
			);
			name = LaunchScreen.storyboard;
			sourceTree = "<group>";
		};
/* End PBXVariantGroup section */

/* Begin XCBuildConfiguration section */
		94FC939A2128133700A31CD8 /* Debug */ = {
			isa = XCBuildConfiguration;
			buildSettings = {
				ALWAYS_SEARCH_USER_PATHS = NO;
				CLANG_ANALYZER_NONNULL = YES;
				CLANG_ANALYZER_NUMBER_OBJECT_CONVERSION = YES_AGGRESSIVE;
				CLANG_CXX_LANGUAGE_STANDARD = "gnu++14";
				CLANG_CXX_LIBRARY = "libc++";
				CLANG_ENABLE_MODULES = YES;
				CLANG_ENABLE_OBJC_ARC = YES;
				CLANG_WARN_BLOCK_CAPTURE_AUTORELEASING = YES;
				CLANG_WARN_BOOL_CONVERSION = YES;
				CLANG_WARN_COMMA = YES;
				CLANG_WARN_CONSTANT_CONVERSION = YES;
				CLANG_WARN_DIRECT_OBJC_ISA_USAGE = YES_ERROR;
				CLANG_WARN_DOCUMENTATION_COMMENTS = YES;
				CLANG_WARN_EMPTY_BODY = YES;
				CLANG_WARN_ENUM_CONVERSION = YES;
				CLANG_WARN_INFINITE_RECURSION = YES;
				CLANG_WARN_INT_CONVERSION = YES;
				CLANG_WARN_NON_LITERAL_NULL_CONVERSION = YES;
				CLANG_WARN_OBJC_LITERAL_CONVERSION = YES;
				CLANG_WARN_OBJC_ROOT_CLASS = YES_ERROR;
				CLANG_WARN_RANGE_LOOP_ANALYSIS = YES;
				CLANG_WARN_STRICT_PROTOTYPES = YES;
				CLANG_WARN_SUSPICIOUS_MOVE = YES;
				CLANG_WARN_UNGUARDED_AVAILABILITY = YES_AGGRESSIVE;
				CLANG_WARN_UNREACHABLE_CODE = YES;
				CLANG_WARN__DUPLICATE_METHOD_MATCH = YES;
				CODE_SIGN_IDENTITY = "iPhone Developer";
				COPY_PHASE_STRIP = NO;
				DEBUG_INFORMATION_FORMAT = dwarf;
				ENABLE_STRICT_OBJC_MSGSEND = YES;
				ENABLE_TESTABILITY = YES;
				GCC_C_LANGUAGE_STANDARD = gnu11;
				GCC_DYNAMIC_NO_PIC = NO;
				GCC_NO_COMMON_BLOCKS = YES;
				GCC_OPTIMIZATION_LEVEL = 0;
				GCC_PREPROCESSOR_DEFINITIONS = (
					"DEBUG=1",
					"$(inherited)",
				);
				GCC_WARN_64_TO_32_BIT_CONVERSION = YES;
				GCC_WARN_ABOUT_RETURN_TYPE = YES_ERROR;
				GCC_WARN_UNDECLARED_SELECTOR = YES;
				GCC_WARN_UNINITIALIZED_AUTOS = YES_AGGRESSIVE;
				GCC_WARN_UNUSED_FUNCTION = YES;
				GCC_WARN_UNUSED_VARIABLE = YES;
				IPHONEOS_DEPLOYMENT_TARGET = 11.2;
				MTL_ENABLE_DEBUG_INFO = YES;
				ONLY_ACTIVE_ARCH = YES;
				SDKROOT = iphoneos;
				SWIFT_ACTIVE_COMPILATION_CONDITIONS = DEBUG;
				SWIFT_OPTIMIZATION_LEVEL = "-Onone";
			};
			name = Debug;
		};
		94FC939B2128133700A31CD8 /* Release */ = {
			isa = XCBuildConfiguration;
			buildSettings = {
				ALWAYS_SEARCH_USER_PATHS = NO;
				CLANG_ANALYZER_NONNULL = YES;
				CLANG_ANALYZER_NUMBER_OBJECT_CONVERSION = YES_AGGRESSIVE;
				CLANG_CXX_LANGUAGE_STANDARD = "gnu++14";
				CLANG_CXX_LIBRARY = "libc++";
				CLANG_ENABLE_MODULES = YES;
				CLANG_ENABLE_OBJC_ARC = YES;
				CLANG_WARN_BLOCK_CAPTURE_AUTORELEASING = YES;
				CLANG_WARN_BOOL_CONVERSION = YES;
				CLANG_WARN_COMMA = YES;
				CLANG_WARN_CONSTANT_CONVERSION = YES;
				CLANG_WARN_DIRECT_OBJC_ISA_USAGE = YES_ERROR;
				CLANG_WARN_DOCUMENTATION_COMMENTS = YES;
				CLANG_WARN_EMPTY_BODY = YES;
				CLANG_WARN_ENUM_CONVERSION = YES;
				CLANG_WARN_INFINITE_RECURSION = YES;
				CLANG_WARN_INT_CONVERSION = YES;
				CLANG_WARN_NON_LITERAL_NULL_CONVERSION = YES;
				CLANG_WARN_OBJC_LITERAL_CONVERSION = YES;
				CLANG_WARN_OBJC_ROOT_CLASS = YES_ERROR;
				CLANG_WARN_RANGE_LOOP_ANALYSIS = YES;
				CLANG_WARN_STRICT_PROTOTYPES = YES;
				CLANG_WARN_SUSPICIOUS_MOVE = YES;
				CLANG_WARN_UNGUARDED_AVAILABILITY = YES_AGGRESSIVE;
				CLANG_WARN_UNREACHABLE_CODE = YES;
				CLANG_WARN__DUPLICATE_METHOD_MATCH = YES;
				CODE_SIGN_IDENTITY = "iPhone Developer";
				COPY_PHASE_STRIP = NO;
				DEBUG_INFORMATION_FORMAT = "dwarf-with-dsym";
				ENABLE_NS_ASSERTIONS = NO;
				ENABLE_STRICT_OBJC_MSGSEND = YES;
				GCC_C_LANGUAGE_STANDARD = gnu11;
				GCC_NO_COMMON_BLOCKS = YES;
				GCC_WARN_64_TO_32_BIT_CONVERSION = YES;
				GCC_WARN_ABOUT_RETURN_TYPE = YES_ERROR;
				GCC_WARN_UNDECLARED_SELECTOR = YES;
				GCC_WARN_UNINITIALIZED_AUTOS = YES_AGGRESSIVE;
				GCC_WARN_UNUSED_FUNCTION = YES;
				GCC_WARN_UNUSED_VARIABLE = YES;
				IPHONEOS_DEPLOYMENT_TARGET = 11.2;
				MTL_ENABLE_DEBUG_INFO = NO;
				SDKROOT = iphoneos;
				SWIFT_OPTIMIZATION_LEVEL = "-Owholemodule";
				VALIDATE_PRODUCT = YES;
			};
			name = Release;
		};
		94FC939D2128133700A31CD8 /* Debug */ = {
			isa = XCBuildConfiguration;
			buildSettings = {
				ASSETCATALOG_COMPILER_APPICON_NAME = AppIcon;
				CODE_SIGN_STYLE = Automatic;
				FRAMEWORK_SEARCH_PATHS = (
					"$(inherited)",
					"$(PROJECT_DIR)/Carthage/Build/iOS",
				);
				INFOPLIST_FILE = TMDBMoviesApp/Info.plist;
				LD_RUNPATH_SEARCH_PATHS = "$(inherited) @executable_path/Frameworks";
				PRODUCT_BUNDLE_IDENTIFIER = "com.-Edureka.com.TMDBMoviesApp";
				PRODUCT_NAME = "$(TARGET_NAME)";
				SWIFT_VERSION = 4.0;
				TARGETED_DEVICE_FAMILY = "1,2";
			};
			name = Debug;
		};
		94FC939E2128133700A31CD8 /* Release */ = {
			isa = XCBuildConfiguration;
			buildSettings = {
				ASSETCATALOG_COMPILER_APPICON_NAME = AppIcon;
				CODE_SIGN_STYLE = Automatic;
				FRAMEWORK_SEARCH_PATHS = (
					"$(inherited)",
					"$(PROJECT_DIR)/Carthage/Build/iOS",
				);
				INFOPLIST_FILE = TMDBMoviesApp/Info.plist;
				LD_RUNPATH_SEARCH_PATHS = "$(inherited) @executable_path/Frameworks";
				PRODUCT_BUNDLE_IDENTIFIER = "com.-Edureka.com.TMDBMoviesApp";
				PRODUCT_NAME = "$(TARGET_NAME)";
				SWIFT_VERSION = 4.0;
				TARGETED_DEVICE_FAMILY = "1,2";
			};
			name = Release;
		};
		94FC93A02128133700A31CD8 /* Debug */ = {
			isa = XCBuildConfiguration;
			buildSettings = {
				ALWAYS_EMBED_SWIFT_STANDARD_LIBRARIES = YES;
				BUNDLE_LOADER = "$(TEST_HOST)";
				CODE_SIGN_STYLE = Automatic;
				INFOPLIST_FILE = TMDBMoviesAppTests/Info.plist;
				LD_RUNPATH_SEARCH_PATHS = "$(inherited) @executable_path/Frameworks @loader_path/Frameworks";
				PRODUCT_BUNDLE_IDENTIFIER = "com.-Edureka.com.TMDBMoviesAppTests";
				PRODUCT_NAME = "$(TARGET_NAME)";
				SWIFT_VERSION = 4.0;
				TARGETED_DEVICE_FAMILY = "1,2";
				TEST_HOST = "$(BUILT_PRODUCTS_DIR)/TMDBMoviesApp.app/TMDBMoviesApp";
			};
			name = Debug;
		};
		94FC93A12128133700A31CD8 /* Release */ = {
			isa = XCBuildConfiguration;
			buildSettings = {
				ALWAYS_EMBED_SWIFT_STANDARD_LIBRARIES = YES;
				BUNDLE_LOADER = "$(TEST_HOST)";
				CODE_SIGN_STYLE = Automatic;
				INFOPLIST_FILE = TMDBMoviesAppTests/Info.plist;
				LD_RUNPATH_SEARCH_PATHS = "$(inherited) @executable_path/Frameworks @loader_path/Frameworks";
				PRODUCT_BUNDLE_IDENTIFIER = "com.-Edureka.com.TMDBMoviesAppTests";
				PRODUCT_NAME = "$(TARGET_NAME)";
				SWIFT_VERSION = 4.0;
				TARGETED_DEVICE_FAMILY = "1,2";
				TEST_HOST = "$(BUILT_PRODUCTS_DIR)/TMDBMoviesApp.app/TMDBMoviesApp";
			};
			name = Release;
		};
/* End XCBuildConfiguration section */

/* Begin XCConfigurationList section */
		94FC93772128133700A31CD8 /* Build configuration list for PBXProject "TMDBMoviesApp" */ = {
			isa = XCConfigurationList;
			buildConfigurations = (
				94FC939A2128133700A31CD8 /* Debug */,
				94FC939B2128133700A31CD8 /* Release */,
			);
			defaultConfigurationIsVisible = 0;
			defaultConfigurationName = Release;
		};
		94FC939C2128133700A31CD8 /* Build configuration list for PBXNativeTarget "TMDBMoviesApp" */ = {
			isa = XCConfigurationList;
			buildConfigurations = (
				94FC939D2128133700A31CD8 /* Debug */,
				94FC939E2128133700A31CD8 /* Release */,
			);
			defaultConfigurationIsVisible = 0;
			defaultConfigurationName = Release;
		};
		94FC939F2128133700A31CD8 /* Build configuration list for PBXNativeTarget "TMDBMoviesAppTests" */ = {
			isa = XCConfigurationList;
			buildConfigurations = (
				94FC93A02128133700A31CD8 /* Debug */,
				94FC93A12128133700A31CD8 /* Release */,
			);
			defaultConfigurationIsVisible = 0;
			defaultConfigurationName = Release;
		};
/* End XCConfigurationList section */

/* Begin XCVersionGroup section */
		94FC93862128133700A31CD8 /* TMDBMoviesApp.xcdatamodeld */ = {
			isa = XCVersionGroup;
			children = (
				94FC93872128133700A31CD8 /* TMDBMoviesApp.xcdatamodel */,
			);
			currentVersion = 94FC93872128133700A31CD8 /* TMDBMoviesApp.xcdatamodel */;
			path = TMDBMoviesApp.xcdatamodeld;
			sourceTree = "<group>";
			versionGroupType = wrapper.xcdatamodel;
		};
/* End XCVersionGroup section */
	};
	rootObject = 94FC93742128133700A31CD8 /* Project object */;
}
